
Microsoft Visual Studio Solution File, Format Version 12.00
# Visual Studio Version 16
VisualStudioVersion = 16.0.30611.23
MinimumVisualStudioVersion = 10.0.40219.1
Project("{FAE04EC0-301F-11D3-BF4B-00C04F79EFBC}") = "194487S_AS_Assignment", "AS_Week6\194487S_AS_Assignment.csproj", "{78763FD0-AD51-4EDF-B5F0-34972D901925}"
EndProject
Global
	GlobalSection(SolutionConfigurationPlatforms) = preSolution
		Debug|Any CPU = Debug|Any CPU
		Release|Any CPU = Release|Any CPU
	EndGlobalSection
	GlobalSection(ProjectConfigurationPlatforms) = postSolution
		{78763FD0-AD51-4EDF-B5F0-34972D901925}.Debug|Any CPU.ActiveCfg = Debug|Any CPU
		{78763FD0-AD51-4EDF-B5F0-34972D901925}.Debug|Any CPU.Build.0 = Debug|Any CPU
		{78763FD0-AD51-4EDF-B5F0-34972D901925}.Release|Any CPU.ActiveCfg = Release|Any CPU
		{78763FD0-AD51-4EDF-B5F0-34972D901925}.Release|Any CPU.Build.0 = Release|Any CPU
	EndGlobalSection
	GlobalSection(SolutionProperties) = preSolution
		HideSolutionNode = FALSE
	EndGlobalSection
	GlobalSection(ExtensibilityGlobals) = postSolution
		SolutionGuid = {378E1C2D-7878-4057-AC52-6FDE2D73D603}
	EndGlobalSection
EndGlobal
